
Microsoft Visual Studio Solution File, Format Version 12.00
# Visual Studio Version 16
VisualStudioVersion = 16.6.30114.105
MinimumVisualStudioVersion = 10.0.40219.1
Project("{FAE04EC0-301F-11D3-BF4B-00C04F79EFBC}") = "R5T.D0088.Construction", "R5T.D0088.Construction\R5T.D0088.Construction.csproj", "{DB683F4D-4446-42C3-BDCB-16806A44B813}"
EndProject
Project("{FAE04EC0-301F-11D3-BF4B-00C04F79EFBC}") = "R5T.D0088", "R5T.D0088\R5T.D0088.csproj", "{1778B9FA-A1B3-4864-B31E-B076FB55A4F6}"
EndProject
Global
	GlobalSection(SolutionConfigurationPlatforms) = preSolution
		Debug|Any CPU = Debug|Any CPU
		Debug|x64 = Debug|x64
		Debug|x86 = Debug|x86
		Release|Any CPU = Release|Any CPU
		Release|x64 = Release|x64
		Release|x86 = Release|x86
	EndGlobalSection
	GlobalSection(SolutionProperties) = preSolution
		HideSolutionNode = FALSE
	EndGlobalSection
	GlobalSection(ProjectConfigurationPlatforms) = postSolution
		{DB683F4D-4446-42C3-BDCB-16806A44B813}.Debug|Any CPU.ActiveCfg = Debug|Any CPU
		{DB683F4D-4446-42C3-BDCB-16806A44B813}.Debug|Any CPU.Build.0 = Debug|Any CPU
		{DB683F4D-4446-42C3-BDCB-16806A44B813}.Debug|x64.ActiveCfg = Debug|Any CPU
		{DB683F4D-4446-42C3-BDCB-16806A44B813}.Debug|x64.Build.0 = Debug|Any CPU
		{DB683F4D-4446-42C3-BDCB-16806A44B813}.Debug|x86.ActiveCfg = Debug|Any CPU
		{DB683F4D-4446-42C3-BDCB-16806A44B813}.Debug|x86.Build.0 = Debug|Any CPU
		{DB683F4D-4446-42C3-BDCB-16806A44B813}.Release|Any CPU.ActiveCfg = Release|Any CPU
		{DB683F4D-4446-42C3-BDCB-16806A44B813}.Release|Any CPU.Build.0 = Release|Any CPU
		{DB683F4D-4446-42C3-BDCB-16806A44B813}.Release|x64.ActiveCfg = Release|Any CPU
		{DB683F4D-4446-42C3-BDCB-16806A44B813}.Release|x64.Build.0 = Release|Any CPU
		{DB683F4D-4446-42C3-BDCB-16806A44B813}.Release|x86.ActiveCfg = Release|Any CPU
		{DB683F4D-4446-42C3-BDCB-16806A44B813}.Release|x86.Build.0 = Release|Any CPU
		{1778B9FA-A1B3-4864-B31E-B076FB55A4F6}.Debug|Any CPU.ActiveCfg = Debug|Any CPU
		{1778B9FA-A1B3-4864-B31E-B076FB55A4F6}.Debug|Any CPU.Build.0 = Debug|Any CPU
		{1778B9FA-A1B3-4864-B31E-B076FB55A4F6}.Debug|x64.ActiveCfg = Debug|Any CPU
		{1778B9FA-A1B3-4864-B31E-B076FB55A4F6}.Debug|x64.Build.0 = Debug|Any CPU
		{1778B9FA-A1B3-4864-B31E-B076FB55A4F6}.Debug|x86.ActiveCfg = Debug|Any CPU
		{1778B9FA-A1B3-4864-B31E-B076FB55A4F6}.Debug|x86.Build.0 = Debug|Any CPU
		{1778B9FA-A1B3-4864-B31E-B076FB55A4F6}.Release|Any CPU.ActiveCfg = Release|Any CPU
		{1778B9FA-A1B3-4864-B31E-B076FB55A4F6}.Release|Any CPU.Build.0 = Release|Any CPU
		{1778B9FA-A1B3-4864-B31E-B076FB55A4F6}.Release|x64.ActiveCfg = Release|Any CPU
		{1778B9FA-A1B3-4864-B31E-B076FB55A4F6}.Release|x64.Build.0 = Release|Any CPU
		{1778B9FA-A1B3-4864-B31E-B076FB55A4F6}.Release|x86.ActiveCfg = Release|Any CPU
		{1778B9FA-A1B3-4864-B31E-B076FB55A4F6}.Release|x86.Build.0 = Release|Any CPU
	EndGlobalSection
EndGlobal
