
Microsoft Visual Studio Solution File, Format Version 12.00
# Visual Studio Version 16
VisualStudioVersion = 16.6.30114.105
MinimumVisualStudioVersion = 10.0.40219.1
Project("{9A19103F-16F7-4668-BE54-9A1E7A4F7556}") = "R5T.D0088.Base", "R5T.D0088.Base\R5T.D0088.Base.csproj", "{6D6691B4-A4ED-4379-9753-A4C8D9CA7029}"
EndProject
Project("{2150E333-8FDC-42A3-9474-1A3956D46DE8}") = "_Dependencies", "_Dependencies", "{4CA53641-04BD-45A6-BDF1-EBA319A92373}"
EndProject
Project("{9A19103F-16F7-4668-BE54-9A1E7A4F7556}") = "R5T.L0013", "..\..\R5T.L0013\source\R5T.L0013\R5T.L0013.csproj", "{ACB92AB7-A171-439E-9D01-3B72F0B7B701}"
EndProject
Project("{9A19103F-16F7-4668-BE54-9A1E7A4F7556}") = "R5T.L0015", "..\..\R5T.L0015\source\R5T.L0015\R5T.L0015.csproj", "{9F444BD1-3F15-49FE-AEBE-178E63F3A9E3}"
EndProject
Project("{9A19103F-16F7-4668-BE54-9A1E7A4F7556}") = "R5T.T0064", "..\..\R5T.T0064\source\R5T.T0064\R5T.T0064.csproj", "{AEDBD6C2-450A-4EB4-ABD9-EE02AFC46D91}"
EndProject
Project("{9A19103F-16F7-4668-BE54-9A1E7A4F7556}") = "R5T.D0088.X001", "R5T.D0088.X001\R5T.D0088.X001.csproj", "{70EE02BE-E0CA-4540-8242-8192845E1C07}"
EndProject
Project("{9A19103F-16F7-4668-BE54-9A1E7A4F7556}") = "R5T.T0073", "..\..\R5T.T0073\source\R5T.T0073\R5T.T0073.csproj", "{50795160-A794-4FBE-A2B5-A46B8DE4003B}"
EndProject
Project("{9A19103F-16F7-4668-BE54-9A1E7A4F7556}") = "R5T.T0072", "..\..\R5T.T0072\source\R5T.T0072\R5T.T0072.csproj", "{2659921C-3920-4A8A-AE9E-24CBF4F3A659}"
EndProject
Project("{9A19103F-16F7-4668-BE54-9A1E7A4F7556}") = "R5T.Magyar", "..\..\R5T.Magyar\source\R5T.Magyar\R5T.Magyar.csproj", "{4B2575E8-3F75-49C2-A520-9CB8CA9E7BB5}"
EndProject
Project("{9A19103F-16F7-4668-BE54-9A1E7A4F7556}") = "R5T.T0063", "..\..\R5T.T0063\source\R5T.T0063\R5T.T0063.csproj", "{1378EAE4-ABE0-4182-BDCE-2C66349BFAA7}"
EndProject
Project("{9A19103F-16F7-4668-BE54-9A1E7A4F7556}") = "R5T.T0067.X001", "..\..\R5T.T0067\source\R5T.T0067.X001\R5T.T0067.X001.csproj", "{8BC90533-5F82-46B2-8C68-E5C15C30BA9B}"
EndProject
Global
	GlobalSection(SolutionConfigurationPlatforms) = preSolution
		Debug|Any CPU = Debug|Any CPU
		Debug|x64 = Debug|x64
		Debug|x86 = Debug|x86
		Release|Any CPU = Release|Any CPU
		Release|x64 = Release|x64
		Release|x86 = Release|x86
	EndGlobalSection
	GlobalSection(ProjectConfigurationPlatforms) = postSolution
		{6D6691B4-A4ED-4379-9753-A4C8D9CA7029}.Debug|Any CPU.ActiveCfg = Debug|Any CPU
		{6D6691B4-A4ED-4379-9753-A4C8D9CA7029}.Debug|Any CPU.Build.0 = Debug|Any CPU
		{6D6691B4-A4ED-4379-9753-A4C8D9CA7029}.Debug|x64.ActiveCfg = Debug|Any CPU
		{6D6691B4-A4ED-4379-9753-A4C8D9CA7029}.Debug|x64.Build.0 = Debug|Any CPU
		{6D6691B4-A4ED-4379-9753-A4C8D9CA7029}.Debug|x86.ActiveCfg = Debug|Any CPU
		{6D6691B4-A4ED-4379-9753-A4C8D9CA7029}.Debug|x86.Build.0 = Debug|Any CPU
		{6D6691B4-A4ED-4379-9753-A4C8D9CA7029}.Release|Any CPU.ActiveCfg = Release|Any CPU
		{6D6691B4-A4ED-4379-9753-A4C8D9CA7029}.Release|Any CPU.Build.0 = Release|Any CPU
		{6D6691B4-A4ED-4379-9753-A4C8D9CA7029}.Release|x64.ActiveCfg = Release|Any CPU
		{6D6691B4-A4ED-4379-9753-A4C8D9CA7029}.Release|x64.Build.0 = Release|Any CPU
		{6D6691B4-A4ED-4379-9753-A4C8D9CA7029}.Release|x86.ActiveCfg = Release|Any CPU
		{6D6691B4-A4ED-4379-9753-A4C8D9CA7029}.Release|x86.Build.0 = Release|Any CPU
		{ACB92AB7-A171-439E-9D01-3B72F0B7B701}.Debug|Any CPU.ActiveCfg = Debug|Any CPU
		{ACB92AB7-A171-439E-9D01-3B72F0B7B701}.Debug|Any CPU.Build.0 = Debug|Any CPU
		{ACB92AB7-A171-439E-9D01-3B72F0B7B701}.Debug|x64.ActiveCfg = Debug|Any CPU
		{ACB92AB7-A171-439E-9D01-3B72F0B7B701}.Debug|x64.Build.0 = Debug|Any CPU
		{ACB92AB7-A171-439E-9D01-3B72F0B7B701}.Debug|x86.ActiveCfg = Debug|Any CPU
		{ACB92AB7-A171-439E-9D01-3B72F0B7B701}.Debug|x86.Build.0 = Debug|Any CPU
		{ACB92AB7-A171-439E-9D01-3B72F0B7B701}.Release|Any CPU.ActiveCfg = Release|Any CPU
		{ACB92AB7-A171-439E-9D01-3B72F0B7B701}.Release|Any CPU.Build.0 = Release|Any CPU
		{ACB92AB7-A171-439E-9D01-3B72F0B7B701}.Release|x64.ActiveCfg = Release|Any CPU
		{ACB92AB7-A171-439E-9D01-3B72F0B7B701}.Release|x64.Build.0 = Release|Any CPU
		{ACB92AB7-A171-439E-9D01-3B72F0B7B701}.Release|x86.ActiveCfg = Release|Any CPU
		{ACB92AB7-A171-439E-9D01-3B72F0B7B701}.Release|x86.Build.0 = Release|Any CPU
		{9F444BD1-3F15-49FE-AEBE-178E63F3A9E3}.Debug|Any CPU.ActiveCfg = Debug|Any CPU
		{9F444BD1-3F15-49FE-AEBE-178E63F3A9E3}.Debug|Any CPU.Build.0 = Debug|Any CPU
		{9F444BD1-3F15-49FE-AEBE-178E63F3A9E3}.Debug|x64.ActiveCfg = Debug|Any CPU
		{9F444BD1-3F15-49FE-AEBE-178E63F3A9E3}.Debug|x64.Build.0 = Debug|Any CPU
		{9F444BD1-3F15-49FE-AEBE-178E63F3A9E3}.Debug|x86.ActiveCfg = Debug|Any CPU
		{9F444BD1-3F15-49FE-AEBE-178E63F3A9E3}.Debug|x86.Build.0 = Debug|Any CPU
		{9F444BD1-3F15-49FE-AEBE-178E63F3A9E3}.Release|Any CPU.ActiveCfg = Release|Any CPU
		{9F444BD1-3F15-49FE-AEBE-178E63F3A9E3}.Release|Any CPU.Build.0 = Release|Any CPU
		{9F444BD1-3F15-49FE-AEBE-178E63F3A9E3}.Release|x64.ActiveCfg = Release|Any CPU
		{9F444BD1-3F15-49FE-AEBE-178E63F3A9E3}.Release|x64.Build.0 = Release|Any CPU
		{9F444BD1-3F15-49FE-AEBE-178E63F3A9E3}.Release|x86.ActiveCfg = Release|Any CPU
		{9F444BD1-3F15-49FE-AEBE-178E63F3A9E3}.Release|x86.Build.0 = Release|Any CPU
		{AEDBD6C2-450A-4EB4-ABD9-EE02AFC46D91}.Debug|Any CPU.ActiveCfg = Debug|Any CPU
		{AEDBD6C2-450A-4EB4-ABD9-EE02AFC46D91}.Debug|Any CPU.Build.0 = Debug|Any CPU
		{AEDBD6C2-450A-4EB4-ABD9-EE02AFC46D91}.Debug|x64.ActiveCfg = Debug|Any CPU
		{AEDBD6C2-450A-4EB4-ABD9-EE02AFC46D91}.Debug|x64.Build.0 = Debug|Any CPU
		{AEDBD6C2-450A-4EB4-ABD9-EE02AFC46D91}.Debug|x86.ActiveCfg = Debug|Any CPU
		{AEDBD6C2-450A-4EB4-ABD9-EE02AFC46D91}.Debug|x86.Build.0 = Debug|Any CPU
		{AEDBD6C2-450A-4EB4-ABD9-EE02AFC46D91}.Release|Any CPU.ActiveCfg = Release|Any CPU
		{AEDBD6C2-450A-4EB4-ABD9-EE02AFC46D91}.Release|Any CPU.Build.0 = Release|Any CPU
		{AEDBD6C2-450A-4EB4-ABD9-EE02AFC46D91}.Release|x64.ActiveCfg = Release|Any CPU
		{AEDBD6C2-450A-4EB4-ABD9-EE02AFC46D91}.Release|x64.Build.0 = Release|Any CPU
		{AEDBD6C2-450A-4EB4-ABD9-EE02AFC46D91}.Release|x86.ActiveCfg = Release|Any CPU
		{AEDBD6C2-450A-4EB4-ABD9-EE02AFC46D91}.Release|x86.Build.0 = Release|Any CPU
		{70EE02BE-E0CA-4540-8242-8192845E1C07}.Debug|Any CPU.ActiveCfg = Debug|Any CPU
		{70EE02BE-E0CA-4540-8242-8192845E1C07}.Debug|Any CPU.Build.0 = Debug|Any CPU
		{70EE02BE-E0CA-4540-8242-8192845E1C07}.Debug|x64.ActiveCfg = Debug|Any CPU
		{70EE02BE-E0CA-4540-8242-8192845E1C07}.Debug|x64.Build.0 = Debug|Any CPU
		{70EE02BE-E0CA-4540-8242-8192845E1C07}.Debug|x86.ActiveCfg = Debug|Any CPU
		{70EE02BE-E0CA-4540-8242-8192845E1C07}.Debug|x86.Build.0 = Debug|Any CPU
		{70EE02BE-E0CA-4540-8242-8192845E1C07}.Release|Any CPU.ActiveCfg = Release|Any CPU
		{70EE02BE-E0CA-4540-8242-8192845E1C07}.Release|Any CPU.Build.0 = Release|Any CPU
		{70EE02BE-E0CA-4540-8242-8192845E1C07}.Release|x64.ActiveCfg = Release|Any CPU
		{70EE02BE-E0CA-4540-8242-8192845E1C07}.Release|x64.Build.0 = Release|Any CPU
		{70EE02BE-E0CA-4540-8242-8192845E1C07}.Release|x86.ActiveCfg = Release|Any CPU
		{70EE02BE-E0CA-4540-8242-8192845E1C07}.Release|x86.Build.0 = Release|Any CPU
		{50795160-A794-4FBE-A2B5-A46B8DE4003B}.Debug|Any CPU.ActiveCfg = Debug|Any CPU
		{50795160-A794-4FBE-A2B5-A46B8DE4003B}.Debug|Any CPU.Build.0 = Debug|Any CPU
		{50795160-A794-4FBE-A2B5-A46B8DE4003B}.Debug|x64.ActiveCfg = Debug|Any CPU
		{50795160-A794-4FBE-A2B5-A46B8DE4003B}.Debug|x64.Build.0 = Debug|Any CPU
		{50795160-A794-4FBE-A2B5-A46B8DE4003B}.Debug|x86.ActiveCfg = Debug|Any CPU
		{50795160-A794-4FBE-A2B5-A46B8DE4003B}.Debug|x86.Build.0 = Debug|Any CPU
		{50795160-A794-4FBE-A2B5-A46B8DE4003B}.Release|Any CPU.ActiveCfg = Release|Any CPU
		{50795160-A794-4FBE-A2B5-A46B8DE4003B}.Release|Any CPU.Build.0 = Release|Any CPU
		{50795160-A794-4FBE-A2B5-A46B8DE4003B}.Release|x64.ActiveCfg = Release|Any CPU
		{50795160-A794-4FBE-A2B5-A46B8DE4003B}.Release|x64.Build.0 = Release|Any CPU
		{50795160-A794-4FBE-A2B5-A46B8DE4003B}.Release|x86.ActiveCfg = Release|Any CPU
		{50795160-A794-4FBE-A2B5-A46B8DE4003B}.Release|x86.Build.0 = Release|Any CPU
		{2659921C-3920-4A8A-AE9E-24CBF4F3A659}.Debug|Any CPU.ActiveCfg = Debug|Any CPU
		{2659921C-3920-4A8A-AE9E-24CBF4F3A659}.Debug|Any CPU.Build.0 = Debug|Any CPU
		{2659921C-3920-4A8A-AE9E-24CBF4F3A659}.Debug|x64.ActiveCfg = Debug|Any CPU
		{2659921C-3920-4A8A-AE9E-24CBF4F3A659}.Debug|x64.Build.0 = Debug|Any CPU
		{2659921C-3920-4A8A-AE9E-24CBF4F3A659}.Debug|x86.ActiveCfg = Debug|Any CPU
		{2659921C-3920-4A8A-AE9E-24CBF4F3A659}.Debug|x86.Build.0 = Debug|Any CPU
		{2659921C-3920-4A8A-AE9E-24CBF4F3A659}.Release|Any CPU.ActiveCfg = Release|Any CPU
		{2659921C-3920-4A8A-AE9E-24CBF4F3A659}.Release|Any CPU.Build.0 = Release|Any CPU
		{2659921C-3920-4A8A-AE9E-24CBF4F3A659}.Release|x64.ActiveCfg = Release|Any CPU
		{2659921C-3920-4A8A-AE9E-24CBF4F3A659}.Release|x64.Build.0 = Release|Any CPU
		{2659921C-3920-4A8A-AE9E-24CBF4F3A659}.Release|x86.ActiveCfg = Release|Any CPU
		{2659921C-3920-4A8A-AE9E-24CBF4F3A659}.Release|x86.Build.0 = Release|Any CPU
		{4B2575E8-3F75-49C2-A520-9CB8CA9E7BB5}.Debug|Any CPU.ActiveCfg = Debug|Any CPU
		{4B2575E8-3F75-49C2-A520-9CB8CA9E7BB5}.Debug|Any CPU.Build.0 = Debug|Any CPU
		{4B2575E8-3F75-49C2-A520-9CB8CA9E7BB5}.Debug|x64.ActiveCfg = Debug|Any CPU
		{4B2575E8-3F75-49C2-A520-9CB8CA9E7BB5}.Debug|x64.Build.0 = Debug|Any CPU
		{4B2575E8-3F75-49C2-A520-9CB8CA9E7BB5}.Debug|x86.ActiveCfg = Debug|Any CPU
		{4B2575E8-3F75-49C2-A520-9CB8CA9E7BB5}.Debug|x86.Build.0 = Debug|Any CPU
		{4B2575E8-3F75-49C2-A520-9CB8CA9E7BB5}.Release|Any CPU.ActiveCfg = Release|Any CPU
		{4B2575E8-3F75-49C2-A520-9CB8CA9E7BB5}.Release|Any CPU.Build.0 = Release|Any CPU
		{4B2575E8-3F75-49C2-A520-9CB8CA9E7BB5}.Release|x64.ActiveCfg = Release|Any CPU
		{4B2575E8-3F75-49C2-A520-9CB8CA9E7BB5}.Release|x64.Build.0 = Release|Any CPU
		{4B2575E8-3F75-49C2-A520-9CB8CA9E7BB5}.Release|x86.ActiveCfg = Release|Any CPU
		{4B2575E8-3F75-49C2-A520-9CB8CA9E7BB5}.Release|x86.Build.0 = Release|Any CPU
		{1378EAE4-ABE0-4182-BDCE-2C66349BFAA7}.Debug|Any CPU.ActiveCfg = Debug|Any CPU
		{1378EAE4-ABE0-4182-BDCE-2C66349BFAA7}.Debug|Any CPU.Build.0 = Debug|Any CPU
		{1378EAE4-ABE0-4182-BDCE-2C66349BFAA7}.Debug|x64.ActiveCfg = Debug|Any CPU
		{1378EAE4-ABE0-4182-BDCE-2C66349BFAA7}.Debug|x64.Build.0 = Debug|Any CPU
		{1378EAE4-ABE0-4182-BDCE-2C66349BFAA7}.Debug|x86.ActiveCfg = Debug|Any CPU
		{1378EAE4-ABE0-4182-BDCE-2C66349BFAA7}.Debug|x86.Build.0 = Debug|Any CPU
		{1378EAE4-ABE0-4182-BDCE-2C66349BFAA7}.Release|Any CPU.ActiveCfg = Release|Any CPU
		{1378EAE4-ABE0-4182-BDCE-2C66349BFAA7}.Release|Any CPU.Build.0 = Release|Any CPU
		{1378EAE4-ABE0-4182-BDCE-2C66349BFAA7}.Release|x64.ActiveCfg = Release|Any CPU
		{1378EAE4-ABE0-4182-BDCE-2C66349BFAA7}.Release|x64.Build.0 = Release|Any CPU
		{1378EAE4-ABE0-4182-BDCE-2C66349BFAA7}.Release|x86.ActiveCfg = Release|Any CPU
		{1378EAE4-ABE0-4182-BDCE-2C66349BFAA7}.Release|x86.Build.0 = Release|Any CPU
		{8BC90533-5F82-46B2-8C68-E5C15C30BA9B}.Debug|Any CPU.ActiveCfg = Debug|Any CPU
		{8BC90533-5F82-46B2-8C68-E5C15C30BA9B}.Debug|Any CPU.Build.0 = Debug|Any CPU
		{8BC90533-5F82-46B2-8C68-E5C15C30BA9B}.Debug|x64.ActiveCfg = Debug|Any CPU
		{8BC90533-5F82-46B2-8C68-E5C15C30BA9B}.Debug|x64.Build.0 = Debug|Any CPU
		{8BC90533-5F82-46B2-8C68-E5C15C30BA9B}.Debug|x86.ActiveCfg = Debug|Any CPU
		{8BC90533-5F82-46B2-8C68-E5C15C30BA9B}.Debug|x86.Build.0 = Debug|Any CPU
		{8BC90533-5F82-46B2-8C68-E5C15C30BA9B}.Release|Any CPU.ActiveCfg = Release|Any CPU
		{8BC90533-5F82-46B2-8C68-E5C15C30BA9B}.Release|Any CPU.Build.0 = Release|Any CPU
		{8BC90533-5F82-46B2-8C68-E5C15C30BA9B}.Release|x64.ActiveCfg = Release|Any CPU
		{8BC90533-5F82-46B2-8C68-E5C15C30BA9B}.Release|x64.Build.0 = Release|Any CPU
		{8BC90533-5F82-46B2-8C68-E5C15C30BA9B}.Release|x86.ActiveCfg = Release|Any CPU
		{8BC90533-5F82-46B2-8C68-E5C15C30BA9B}.Release|x86.Build.0 = Release|Any CPU
	EndGlobalSection
	GlobalSection(SolutionProperties) = preSolution
		HideSolutionNode = FALSE
	EndGlobalSection
	GlobalSection(NestedProjects) = preSolution
		{ACB92AB7-A171-439E-9D01-3B72F0B7B701} = {4CA53641-04BD-45A6-BDF1-EBA319A92373}
		{9F444BD1-3F15-49FE-AEBE-178E63F3A9E3} = {4CA53641-04BD-45A6-BDF1-EBA319A92373}
		{AEDBD6C2-450A-4EB4-ABD9-EE02AFC46D91} = {4CA53641-04BD-45A6-BDF1-EBA319A92373}
		{50795160-A794-4FBE-A2B5-A46B8DE4003B} = {4CA53641-04BD-45A6-BDF1-EBA319A92373}
		{2659921C-3920-4A8A-AE9E-24CBF4F3A659} = {4CA53641-04BD-45A6-BDF1-EBA319A92373}
		{4B2575E8-3F75-49C2-A520-9CB8CA9E7BB5} = {4CA53641-04BD-45A6-BDF1-EBA319A92373}
		{1378EAE4-ABE0-4182-BDCE-2C66349BFAA7} = {4CA53641-04BD-45A6-BDF1-EBA319A92373}
		{8BC90533-5F82-46B2-8C68-E5C15C30BA9B} = {4CA53641-04BD-45A6-BDF1-EBA319A92373}
	EndGlobalSection
	GlobalSection(ExtensibilityGlobals) = postSolution
		SolutionGuid = {AC25C67D-8948-436C-8C0F-6D36ECB2010E}
	EndGlobalSection
EndGlobal
