
Microsoft Visual Studio Solution File, Format Version 12.00
# Visual Studio Version 16
VisualStudioVersion = 16.0.30114.105
MinimumVisualStudioVersion = 10.0.40219.1
Project("{FAE04EC0-301F-11D3-BF4B-00C04F79EFBC}") = "R5T.D0088.Base", "R5T.D0088.Base\R5T.D0088.Base.csproj", "{26ECAF9B-8DFE-429C-B1EA-2080DDB1BF31}"
EndProject
Project("{FAE04EC0-301F-11D3-BF4B-00C04F79EFBC}") = "R5T.D0088.X000", "R5T.D0088.X000\R5T.D0088.X000.csproj", "{93227C1B-9AF8-4BA4-B98E-0D0DC27AD904}"
EndProject
Project("{FAE04EC0-301F-11D3-BF4B-00C04F79EFBC}") = "R5T.D0088.X001", "R5T.D0088.X001\R5T.D0088.X001.csproj", "{690A0A87-988E-466D-B78B-0CABA32410F1}"
EndProject
Global
	GlobalSection(SolutionConfigurationPlatforms) = preSolution
		Debug|Any CPU = Debug|Any CPU
		Debug|x64 = Debug|x64
		Debug|x86 = Debug|x86
		Release|Any CPU = Release|Any CPU
		Release|x64 = Release|x64
		Release|x86 = Release|x86
	EndGlobalSection
	GlobalSection(SolutionProperties) = preSolution
		HideSolutionNode = FALSE
	EndGlobalSection
	GlobalSection(ProjectConfigurationPlatforms) = postSolution
		{26ECAF9B-8DFE-429C-B1EA-2080DDB1BF31}.Debug|Any CPU.ActiveCfg = Debug|Any CPU
		{26ECAF9B-8DFE-429C-B1EA-2080DDB1BF31}.Debug|Any CPU.Build.0 = Debug|Any CPU
		{26ECAF9B-8DFE-429C-B1EA-2080DDB1BF31}.Debug|x64.ActiveCfg = Debug|Any CPU
		{26ECAF9B-8DFE-429C-B1EA-2080DDB1BF31}.Debug|x64.Build.0 = Debug|Any CPU
		{26ECAF9B-8DFE-429C-B1EA-2080DDB1BF31}.Debug|x86.ActiveCfg = Debug|Any CPU
		{26ECAF9B-8DFE-429C-B1EA-2080DDB1BF31}.Debug|x86.Build.0 = Debug|Any CPU
		{26ECAF9B-8DFE-429C-B1EA-2080DDB1BF31}.Release|Any CPU.ActiveCfg = Release|Any CPU
		{26ECAF9B-8DFE-429C-B1EA-2080DDB1BF31}.Release|Any CPU.Build.0 = Release|Any CPU
		{26ECAF9B-8DFE-429C-B1EA-2080DDB1BF31}.Release|x64.ActiveCfg = Release|Any CPU
		{26ECAF9B-8DFE-429C-B1EA-2080DDB1BF31}.Release|x64.Build.0 = Release|Any CPU
		{26ECAF9B-8DFE-429C-B1EA-2080DDB1BF31}.Release|x86.ActiveCfg = Release|Any CPU
		{26ECAF9B-8DFE-429C-B1EA-2080DDB1BF31}.Release|x86.Build.0 = Release|Any CPU
		{93227C1B-9AF8-4BA4-B98E-0D0DC27AD904}.Debug|Any CPU.ActiveCfg = Debug|Any CPU
		{93227C1B-9AF8-4BA4-B98E-0D0DC27AD904}.Debug|Any CPU.Build.0 = Debug|Any CPU
		{93227C1B-9AF8-4BA4-B98E-0D0DC27AD904}.Debug|x64.ActiveCfg = Debug|Any CPU
		{93227C1B-9AF8-4BA4-B98E-0D0DC27AD904}.Debug|x64.Build.0 = Debug|Any CPU
		{93227C1B-9AF8-4BA4-B98E-0D0DC27AD904}.Debug|x86.ActiveCfg = Debug|Any CPU
		{93227C1B-9AF8-4BA4-B98E-0D0DC27AD904}.Debug|x86.Build.0 = Debug|Any CPU
		{93227C1B-9AF8-4BA4-B98E-0D0DC27AD904}.Release|Any CPU.ActiveCfg = Release|Any CPU
		{93227C1B-9AF8-4BA4-B98E-0D0DC27AD904}.Release|Any CPU.Build.0 = Release|Any CPU
		{93227C1B-9AF8-4BA4-B98E-0D0DC27AD904}.Release|x64.ActiveCfg = Release|Any CPU
		{93227C1B-9AF8-4BA4-B98E-0D0DC27AD904}.Release|x64.Build.0 = Release|Any CPU
		{93227C1B-9AF8-4BA4-B98E-0D0DC27AD904}.Release|x86.ActiveCfg = Release|Any CPU
		{93227C1B-9AF8-4BA4-B98E-0D0DC27AD904}.Release|x86.Build.0 = Release|Any CPU
		{690A0A87-988E-466D-B78B-0CABA32410F1}.Debug|Any CPU.ActiveCfg = Debug|Any CPU
		{690A0A87-988E-466D-B78B-0CABA32410F1}.Debug|Any CPU.Build.0 = Debug|Any CPU
		{690A0A87-988E-466D-B78B-0CABA32410F1}.Debug|x64.ActiveCfg = Debug|Any CPU
		{690A0A87-988E-466D-B78B-0CABA32410F1}.Debug|x64.Build.0 = Debug|Any CPU
		{690A0A87-988E-466D-B78B-0CABA32410F1}.Debug|x86.ActiveCfg = Debug|Any CPU
		{690A0A87-988E-466D-B78B-0CABA32410F1}.Debug|x86.Build.0 = Debug|Any CPU
		{690A0A87-988E-466D-B78B-0CABA32410F1}.Release|Any CPU.ActiveCfg = Release|Any CPU
		{690A0A87-988E-466D-B78B-0CABA32410F1}.Release|Any CPU.Build.0 = Release|Any CPU
		{690A0A87-988E-466D-B78B-0CABA32410F1}.Release|x64.ActiveCfg = Release|Any CPU
		{690A0A87-988E-466D-B78B-0CABA32410F1}.Release|x64.Build.0 = Release|Any CPU
		{690A0A87-988E-466D-B78B-0CABA32410F1}.Release|x86.ActiveCfg = Release|Any CPU
		{690A0A87-988E-466D-B78B-0CABA32410F1}.Release|x86.Build.0 = Release|Any CPU
	EndGlobalSection
EndGlobal
